// !$*UTF8*$!
{
	archiveVersion = 1;
	classes = {
	};
	objectVersion = 56;
	objects = {

/* Begin PBXBuildFile section */
		72A6949A2A7509F600F488B6 /* CollectionViewCell.swift in Sources */ = {isa = PBXBuildFile; fileRef = 72A694992A7509F600F488B6 /* CollectionViewCell.swift */; };
		72A6949C2A750A4D00F488B6 /* SemesterCell.swift in Sources */ = {isa = PBXBuildFile; fileRef = 72A6949B2A750A4D00F488B6 /* SemesterCell.swift */; };
		72A6949E2A750A9600F488B6 /* StickyCellView.swift in Sources */ = {isa = PBXBuildFile; fileRef = 72A6949D2A750A9600F488B6 /* StickyCellView.swift */; };
		72A694A02A750ACD00F488B6 /* StickColumnView.swift in Sources */ = {isa = PBXBuildFile; fileRef = 72A6949F2A750ACD00F488B6 /* StickColumnView.swift */; };
		D2A445CF2A72858500663154 /* AppDelegate.swift in Sources */ = {isa = PBXBuildFile; fileRef = D2A445CE2A72858500663154 /* AppDelegate.swift */; };
		D2A445D12A72858500663154 /* SceneDelegate.swift in Sources */ = {isa = PBXBuildFile; fileRef = D2A445D02A72858500663154 /* SceneDelegate.swift */; };
		D2A445D32A72858500663154 /* ViewController.swift in Sources */ = {isa = PBXBuildFile; fileRef = D2A445D22A72858500663154 /* ViewController.swift */; };
		D2A445D62A72858500663154 /* Main.storyboard in Resources */ = {isa = PBXBuildFile; fileRef = D2A445D42A72858500663154 /* Main.storyboard */; };
		D2A445D82A72858900663154 /* Assets.xcassets in Resources */ = {isa = PBXBuildFile; fileRef = D2A445D72A72858900663154 /* Assets.xcassets */; };
		D2A445DB2A72858900663154 /* LaunchScreen.storyboard in Resources */ = {isa = PBXBuildFile; fileRef = D2A445D92A72858900663154 /* LaunchScreen.storyboard */; };
		D2A445E52A73926D00663154 /* Model.swift in Sources */ = {isa = PBXBuildFile; fileRef = D2A445E42A73926D00663154 /* Model.swift */; };
		D2A445E72A73932D00663154 /* learnPlan2000.json in Resources */ = {isa = PBXBuildFile; fileRef = D2A445E62A73932C00663154 /* learnPlan2000.json */; };
		D2A445E92A73F16B00663154 /* Colors.xcassets in Resources */ = {isa = PBXBuildFile; fileRef = D2A445E82A73F16B00663154 /* Colors.xcassets */; };
/* End PBXBuildFile section */

/* Begin PBXFileReference section */
		72A694992A7509F600F488B6 /* CollectionViewCell.swift */ = {isa = PBXFileReference; lastKnownFileType = sourcecode.swift; path = CollectionViewCell.swift; sourceTree = "<group>"; };
		72A6949B2A750A4D00F488B6 /* SemesterCell.swift */ = {isa = PBXFileReference; lastKnownFileType = sourcecode.swift; path = SemesterCell.swift; sourceTree = "<group>"; };
		72A6949D2A750A9600F488B6 /* StickyCellView.swift */ = {isa = PBXFileReference; lastKnownFileType = sourcecode.swift; path = StickyCellView.swift; sourceTree = "<group>"; };
		72A6949F2A750ACD00F488B6 /* StickColumnView.swift */ = {isa = PBXFileReference; lastKnownFileType = sourcecode.swift; path = StickColumnView.swift; sourceTree = "<group>"; };
		D2A445CB2A72858500663154 /* CompositionLayout.app */ = {isa = PBXFileReference; explicitFileType = wrapper.application; includeInIndex = 0; path = CompositionLayout.app; sourceTree = BUILT_PRODUCTS_DIR; };
		D2A445CE2A72858500663154 /* AppDelegate.swift */ = {isa = PBXFileReference; lastKnownFileType = sourcecode.swift; path = AppDelegate.swift; sourceTree = "<group>"; };
		D2A445D02A72858500663154 /* SceneDelegate.swift */ = {isa = PBXFileReference; lastKnownFileType = sourcecode.swift; path = SceneDelegate.swift; sourceTree = "<group>"; };
		D2A445D22A72858500663154 /* ViewController.swift */ = {isa = PBXFileReference; lastKnownFileType = sourcecode.swift; path = ViewController.swift; sourceTree = "<group>"; };
		D2A445D52A72858500663154 /* Base */ = {isa = PBXFileReference; lastKnownFileType = file.storyboard; name = Base; path = Base.lproj/Main.storyboard; sourceTree = "<group>"; };
		D2A445D72A72858900663154 /* Assets.xcassets */ = {isa = PBXFileReference; lastKnownFileType = folder.assetcatalog; path = Assets.xcassets; sourceTree = "<group>"; };
		D2A445DA2A72858900663154 /* Base */ = {isa = PBXFileReference; lastKnownFileType = file.storyboard; name = Base; path = Base.lproj/LaunchScreen.storyboard; sourceTree = "<group>"; };
		D2A445DC2A72858900663154 /* Info.plist */ = {isa = PBXFileReference; lastKnownFileType = text.plist.xml; path = Info.plist; sourceTree = "<group>"; };
		D2A445E42A73926D00663154 /* Model.swift */ = {isa = PBXFileReference; lastKnownFileType = sourcecode.swift; path = Model.swift; sourceTree = "<group>"; };
		D2A445E62A73932C00663154 /* learnPlan2000.json */ = {isa = PBXFileReference; fileEncoding = 4; lastKnownFileType = text.json; path = learnPlan2000.json; sourceTree = "<group>"; };
		D2A445E82A73F16B00663154 /* Colors.xcassets */ = {isa = PBXFileReference; lastKnownFileType = folder.assetcatalog; path = Colors.xcassets; sourceTree = "<group>"; };
/* End PBXFileReference section */

/* Begin PBXFrameworksBuildPhase section */
		D2A445C82A72858500663154 /* Frameworks */ = {
			isa = PBXFrameworksBuildPhase;
			buildActionMask = 2147483647;
			files = (
			);
			runOnlyForDeploymentPostprocessing = 0;
		};
/* End PBXFrameworksBuildPhase section */

/* Begin PBXGroup section */
		D2A445C22A72858500663154 = {
			isa = PBXGroup;
			children = (
				D2A445CD2A72858500663154 /* CompositionLayout */,
				D2A445CC2A72858500663154 /* Products */,
			);
			sourceTree = "<group>";
		};
		D2A445CC2A72858500663154 /* Products */ = {
			isa = PBXGroup;
			children = (
				D2A445CB2A72858500663154 /* CompositionLayout.app */,
			);
			name = Products;
			sourceTree = "<group>";
		};
		D2A445CD2A72858500663154 /* CompositionLayout */ = {
			isa = PBXGroup;
			children = (
				D2A445CE2A72858500663154 /* AppDelegate.swift */,
				D2A445D02A72858500663154 /* SceneDelegate.swift */,
				D2A445D22A72858500663154 /* ViewController.swift */,
				72A694992A7509F600F488B6 /* CollectionViewCell.swift */,
				72A6949B2A750A4D00F488B6 /* SemesterCell.swift */,
				72A6949D2A750A9600F488B6 /* StickyCellView.swift */,
				72A6949F2A750ACD00F488B6 /* StickColumnView.swift */,
				D2A445D42A72858500663154 /* Main.storyboard */,
				D2A445D72A72858900663154 /* Assets.xcassets */,
				D2A445E82A73F16B00663154 /* Colors.xcassets */,
				D2A445D92A72858900663154 /* LaunchScreen.storyboard */,
				D2A445DC2A72858900663154 /* Info.plist */,
				D2A445E62A73932C00663154 /* learnPlan2000.json */,
				D2A445E42A73926D00663154 /* Model.swift */,
			);
			path = CompositionLayout;
			sourceTree = "<group>";
		};
/* End PBXGroup section */

/* Begin PBXNativeTarget section */
		D2A445CA2A72858500663154 /* CompositionLayout */ = {
			isa = PBXNativeTarget;
			buildConfigurationList = D2A445DF2A72858900663154 /* Build configuration list for PBXNativeTarget "CompositionLayout" */;
			buildPhases = (
				D2A445C72A72858500663154 /* Sources */,
				D2A445C82A72858500663154 /* Frameworks */,
				D2A445C92A72858500663154 /* Resources */,
			);
			buildRules = (
			);
			dependencies = (
			);
			name = CompositionLayout;
			productName = CompositionLayout;
			productReference = D2A445CB2A72858500663154 /* CompositionLayout.app */;
			productType = "com.apple.product-type.application";
		};
/* End PBXNativeTarget section */

/* Begin PBXProject section */
		D2A445C32A72858500663154 /* Project object */ = {
			isa = PBXProject;
			attributes = {
				BuildIndependentTargetsInParallel = 1;
				LastSwiftUpdateCheck = 1420;
				LastUpgradeCheck = 1420;
				TargetAttributes = {
					D2A445CA2A72858500663154 = {
						CreatedOnToolsVersion = 14.2;
					};
				};
			};
			buildConfigurationList = D2A445C62A72858500663154 /* Build configuration list for PBXProject "CompositionLayout" */;
			compatibilityVersion = "Xcode 14.0";
			developmentRegion = en;
			hasScannedForEncodings = 0;
			knownRegions = (
				en,
				Base,
			);
			mainGroup = D2A445C22A72858500663154;
			productRefGroup = D2A445CC2A72858500663154 /* Products */;
			projectDirPath = "";
			projectRoot = "";
			targets = (
				D2A445CA2A72858500663154 /* CompositionLayout */,
			);
		};
/* End PBXProject section */

/* Begin PBXResourcesBuildPhase section */
		D2A445C92A72858500663154 /* Resources */ = {
			isa = PBXResourcesBuildPhase;
			buildActionMask = 2147483647;
			files = (
				D2A445E92A73F16B00663154 /* Colors.xcassets in Resources */,
				D2A445DB2A72858900663154 /* LaunchScreen.storyboard in Resources */,
				D2A445E72A73932D00663154 /* learnPlan2000.json in Resources */,
				D2A445D82A72858900663154 /* Assets.xcassets in Resources */,
				D2A445D62A72858500663154 /* Main.storyboard in Resources */,
			);
			runOnlyForDeploymentPostprocessing = 0;
		};
/* End PBXResourcesBuildPhase section */

/* Begin PBXSourcesBuildPhase section */
		D2A445C72A72858500663154 /* Sources */ = {
			isa = PBXSourcesBuildPhase;
			buildActionMask = 2147483647;
			files = (
				72A6949A2A7509F600F488B6 /* CollectionViewCell.swift in Sources */,
				72A6949E2A750A9600F488B6 /* StickyCellView.swift in Sources */,
				D2A445E52A73926D00663154 /* Model.swift in Sources */,
				D2A445D32A72858500663154 /* ViewController.swift in Sources */,
				D2A445CF2A72858500663154 /* AppDelegate.swift in Sources */,
				D2A445D12A72858500663154 /* SceneDelegate.swift in Sources */,
				72A6949C2A750A4D00F488B6 /* SemesterCell.swift in Sources */,
				72A694A02A750ACD00F488B6 /* StickColumnView.swift in Sources */,
			);
			runOnlyForDeploymentPostprocessing = 0;
		};
/* End PBXSourcesBuildPhase section */

/* Begin PBXVariantGroup section */
		D2A445D42A72858500663154 /* Main.storyboard */ = {
			isa = PBXVariantGroup;
			children = (
				D2A445D52A72858500663154 /* Base */,
			);
			name = Main.storyboard;
			sourceTree = "<group>";
		};
		D2A445D92A72858900663154 /* LaunchScreen.storyboard */ = {
			isa = PBXVariantGroup;
			children = (
				D2A445DA2A72858900663154 /* Base */,
			);
			name = LaunchScreen.storyboard;
			sourceTree = "<group>";
		};
/* End PBXVariantGroup section */

/* Begin XCBuildConfiguration section */
		D2A445DD2A72858900663154 /* Debug */ = {
			isa = XCBuildConfiguration;
			buildSettings = {
				ALWAYS_SEARCH_USER_PATHS = NO;
				CLANG_ANALYZER_NONNULL = YES;
				CLANG_ANALYZER_NUMBER_OBJECT_CONVERSION = YES_AGGRESSIVE;
				CLANG_CXX_LANGUAGE_STANDARD = "gnu++20";
				CLANG_ENABLE_MODULES = YES;
				CLANG_ENABLE_OBJC_ARC = YES;
				CLANG_ENABLE_OBJC_WEAK = YES;
				CLANG_WARN_BLOCK_CAPTURE_AUTORELEASING = YES;
				CLANG_WARN_BOOL_CONVERSION = YES;
				CLANG_WARN_COMMA = YES;
				CLANG_WARN_CONSTANT_CONVERSION = YES;
				CLANG_WARN_DEPRECATED_OBJC_IMPLEMENTATIONS = YES;
				CLANG_WARN_DIRECT_OBJC_ISA_USAGE = YES_ERROR;
				CLANG_WARN_DOCUMENTATION_COMMENTS = YES;
				CLANG_WARN_EMPTY_BODY = YES;
				CLANG_WARN_ENUM_CONVERSION = YES;
				CLANG_WARN_INFINITE_RECURSION = YES;
				CLANG_WARN_INT_CONVERSION = YES;
				CLANG_WARN_NON_LITERAL_NULL_CONVERSION = YES;
				CLANG_WARN_OBJC_IMPLICIT_RETAIN_SELF = YES;
				CLANG_WARN_OBJC_LITERAL_CONVERSION = YES;
				CLANG_WARN_OBJC_ROOT_CLASS = YES_ERROR;
				CLANG_WARN_QUOTED_INCLUDE_IN_FRAMEWORK_HEADER = YES;
				CLANG_WARN_RANGE_LOOP_ANALYSIS = YES;
				CLANG_WARN_STRICT_PROTOTYPES = YES;
				CLANG_WARN_SUSPICIOUS_MOVE = YES;
				CLANG_WARN_UNGUARDED_AVAILABILITY = YES_AGGRESSIVE;
				CLANG_WARN_UNREACHABLE_CODE = YES;
				CLANG_WARN__DUPLICATE_METHOD_MATCH = YES;
				COPY_PHASE_STRIP = NO;
				DEBUG_INFORMATION_FORMAT = dwarf;
				ENABLE_STRICT_OBJC_MSGSEND = YES;
				ENABLE_TESTABILITY = YES;
				GCC_C_LANGUAGE_STANDARD = gnu11;
				GCC_DYNAMIC_NO_PIC = NO;
				GCC_NO_COMMON_BLOCKS = YES;
				GCC_OPTIMIZATION_LEVEL = 0;
				GCC_PREPROCESSOR_DEFINITIONS = (
					"DEBUG=1",
					"$(inherited)",
				);
				GCC_WARN_64_TO_32_BIT_CONVERSION = YES;
				GCC_WARN_ABOUT_RETURN_TYPE = YES_ERROR;
				GCC_WARN_UNDECLARED_SELECTOR = YES;
				GCC_WARN_UNINITIALIZED_AUTOS = YES_AGGRESSIVE;
				GCC_WARN_UNUSED_FUNCTION = YES;
				GCC_WARN_UNUSED_VARIABLE = YES;
				IPHONEOS_DEPLOYMENT_TARGET = 16.2;
				MTL_ENABLE_DEBUG_INFO = INCLUDE_SOURCE;
				MTL_FAST_MATH = YES;
				ONLY_ACTIVE_ARCH = YES;
				SDKROOT = iphoneos;
				SWIFT_ACTIVE_COMPILATION_CONDITIONS = DEBUG;
				SWIFT_OPTIMIZATION_LEVEL = "-Onone";
			};
			name = Debug;
		};
		D2A445DE2A72858900663154 /* Release */ = {
			isa = XCBuildConfiguration;
			buildSettings = {
				ALWAYS_SEARCH_USER_PATHS = NO;
				CLANG_ANALYZER_NONNULL = YES;
				CLANG_ANALYZER_NUMBER_OBJECT_CONVERSION = YES_AGGRESSIVE;
				CLANG_CXX_LANGUAGE_STANDARD = "gnu++20";
				CLANG_ENABLE_MODULES = YES;
				CLANG_ENABLE_OBJC_ARC = YES;
				CLANG_ENABLE_OBJC_WEAK = YES;
				CLANG_WARN_BLOCK_CAPTURE_AUTORELEASING = YES;
				CLANG_WARN_BOOL_CONVERSION = YES;
				CLANG_WARN_COMMA = YES;
				CLANG_WARN_CONSTANT_CONVERSION = YES;
				CLANG_WARN_DEPRECATED_OBJC_IMPLEMENTATIONS = YES;
				CLANG_WARN_DIRECT_OBJC_ISA_USAGE = YES_ERROR;
				CLANG_WARN_DOCUMENTATION_COMMENTS = YES;
				CLANG_WARN_EMPTY_BODY = YES;
				CLANG_WARN_ENUM_CONVERSION = YES;
				CLANG_WARN_INFINITE_RECURSION = YES;
				CLANG_WARN_INT_CONVERSION = YES;
				CLANG_WARN_NON_LITERAL_NULL_CONVERSION = YES;
				CLANG_WARN_OBJC_IMPLICIT_RETAIN_SELF = YES;
				CLANG_WARN_OBJC_LITERAL_CONVERSION = YES;
				CLANG_WARN_OBJC_ROOT_CLASS = YES_ERROR;
				CLANG_WARN_QUOTED_INCLUDE_IN_FRAMEWORK_HEADER = YES;
				CLANG_WARN_RANGE_LOOP_ANALYSIS = YES;
				CLANG_WARN_STRICT_PROTOTYPES = YES;
				CLANG_WARN_SUSPICIOUS_MOVE = YES;
				CLANG_WARN_UNGUARDED_AVAILABILITY = YES_AGGRESSIVE;
				CLANG_WARN_UNREACHABLE_CODE = YES;
				CLANG_WARN__DUPLICATE_METHOD_MATCH = YES;
				COPY_PHASE_STRIP = NO;
				DEBUG_INFORMATION_FORMAT = "dwarf-with-dsym";
				ENABLE_NS_ASSERTIONS = NO;
				ENABLE_STRICT_OBJC_MSGSEND = YES;
				GCC_C_LANGUAGE_STANDARD = gnu11;
				GCC_NO_COMMON_BLOCKS = YES;
				GCC_WARN_64_TO_32_BIT_CONVERSION = YES;
				GCC_WARN_ABOUT_RETURN_TYPE = YES_ERROR;
				GCC_WARN_UNDECLARED_SELECTOR = YES;
				GCC_WARN_UNINITIALIZED_AUTOS = YES_AGGRESSIVE;
				GCC_WARN_UNUSED_FUNCTION = YES;
				GCC_WARN_UNUSED_VARIABLE = YES;
				IPHONEOS_DEPLOYMENT_TARGET = 16.2;
				MTL_ENABLE_DEBUG_INFO = NO;
				MTL_FAST_MATH = YES;
				SDKROOT = iphoneos;
				SWIFT_COMPILATION_MODE = wholemodule;
				SWIFT_OPTIMIZATION_LEVEL = "-O";
				VALIDATE_PRODUCT = YES;
			};
			name = Release;
		};
		D2A445E02A72858900663154 /* Debug */ = {
			isa = XCBuildConfiguration;
			buildSettings = {
				ASSETCATALOG_COMPILER_APPICON_NAME = AppIcon;
				ASSETCATALOG_COMPILER_GLOBAL_ACCENT_COLOR_NAME = AccentColor;
				CODE_SIGN_STYLE = Automatic;
				CURRENT_PROJECT_VERSION = 1;
				DEVELOPMENT_TEAM = HNCV72TD2V;
				GENERATE_INFOPLIST_FILE = YES;
				INFOPLIST_FILE = CompositionLayout/Info.plist;
				INFOPLIST_KEY_UIApplicationSupportsIndirectInputEvents = YES;
				INFOPLIST_KEY_UILaunchStoryboardName = LaunchScreen;
				INFOPLIST_KEY_UIMainStoryboardFile = Main;
				INFOPLIST_KEY_UISupportedInterfaceOrientations_iPad = "UIInterfaceOrientationPortrait UIInterfaceOrientationPortraitUpsideDown UIInterfaceOrientationLandscapeLeft UIInterfaceOrientationLandscapeRight";
				INFOPLIST_KEY_UISupportedInterfaceOrientations_iPhone = "UIInterfaceOrientationPortrait UIInterfaceOrientationLandscapeLeft UIInterfaceOrientationLandscapeRight";
				LD_RUNPATH_SEARCH_PATHS = (
					"$(inherited)",
					"@executable_path/Frameworks",
				);
				MARKETING_VERSION = 1.0;
				PRODUCT_BUNDLE_IDENTIFIER = App.CompositionLayout.CompositionLayout;
				PRODUCT_NAME = "$(TARGET_NAME)";
				SWIFT_EMIT_LOC_STRINGS = YES;
				SWIFT_VERSION = 5.0;
				TARGETED_DEVICE_FAMILY = "1,2";
			};
			name = Debug;
		};
		D2A445E12A72858900663154 /* Release */ = {
			isa = XCBuildConfiguration;
			buildSettings = {
				ASSETCATALOG_COMPILER_APPICON_NAME = AppIcon;
				ASSETCATALOG_COMPILER_GLOBAL_ACCENT_COLOR_NAME = AccentColor;
				CODE_SIGN_STYLE = Automatic;
				CURRENT_PROJECT_VERSION = 1;
				DEVELOPMENT_TEAM = HNCV72TD2V;
				GENERATE_INFOPLIST_FILE = YES;
				INFOPLIST_FILE = CompositionLayout/Info.plist;
				INFOPLIST_KEY_UIApplicationSupportsIndirectInputEvents = YES;
				INFOPLIST_KEY_UILaunchStoryboardName = LaunchScreen;
				INFOPLIST_KEY_UIMainStoryboardFile = Main;
				INFOPLIST_KEY_UISupportedInterfaceOrientations_iPad = "UIInterfaceOrientationPortrait UIInterfaceOrientationPortraitUpsideDown UIInterfaceOrientationLandscapeLeft UIInterfaceOrientationLandscapeRight";
				INFOPLIST_KEY_UISupportedInterfaceOrientations_iPhone = "UIInterfaceOrientationPortrait UIInterfaceOrientationLandscapeLeft UIInterfaceOrientationLandscapeRight";
				LD_RUNPATH_SEARCH_PATHS = (
					"$(inherited)",
					"@executable_path/Frameworks",
				);
				MARKETING_VERSION = 1.0;
				PRODUCT_BUNDLE_IDENTIFIER = App.CompositionLayout.CompositionLayout;
				PRODUCT_NAME = "$(TARGET_NAME)";
				SWIFT_EMIT_LOC_STRINGS = YES;
				SWIFT_VERSION = 5.0;
				TARGETED_DEVICE_FAMILY = "1,2";
			};
			name = Release;
		};
/* End XCBuildConfiguration section */

/* Begin XCConfigurationList section */
		D2A445C62A72858500663154 /* Build configuration list for PBXProject "CompositionLayout" */ = {
			isa = XCConfigurationList;
			buildConfigurations = (
				D2A445DD2A72858900663154 /* Debug */,
				D2A445DE2A72858900663154 /* Release */,
			);
			defaultConfigurationIsVisible = 0;
			defaultConfigurationName = Release;
		};
		D2A445DF2A72858900663154 /* Build configuration list for PBXNativeTarget "CompositionLayout" */ = {
			isa = XCConfigurationList;
			buildConfigurations = (
				D2A445E02A72858900663154 /* Debug */,
				D2A445E12A72858900663154 /* Release */,
			);
			defaultConfigurationIsVisible = 0;
			defaultConfigurationName = Release;
		};
/* End XCConfigurationList section */
	};
	rootObject = D2A445C32A72858500663154 /* Project object */;
}
